// !$*UTF8*$!
{
	archiveVersion = 1;
	classes = {
	};
	objectVersion = 56;
	objects = {

/* Begin PBXBuildFile section */
		5D0217862B40F48D0077093D /* projectApp.swift in Sources */ = {isa = PBXBuildFile; fileRef = 5D0217852B40F48D0077093D /* projectApp.swift */; };
		5D0217882B40F48D0077093D /* ContentView.swift in Sources */ = {isa = PBXBuildFile; fileRef = 5D0217872B40F48D0077093D /* ContentView.swift */; };
		5D02178A2B40F48E0077093D /* Assets.xcassets in Resources */ = {isa = PBXBuildFile; fileRef = 5D0217892B40F48E0077093D /* Assets.xcassets */; };
		5D02178D2B40F48E0077093D /* Preview Assets.xcassets in Resources */ = {isa = PBXBuildFile; fileRef = 5D02178C2B40F48E0077093D /* Preview Assets.xcassets */; };
		5D0217972B40F48F0077093D /* projectTests.swift in Sources */ = {isa = PBXBuildFile; fileRef = 5D0217962B40F48F0077093D /* projectTests.swift */; };
		5D0217A12B40F48F0077093D /* projectUITests.swift in Sources */ = {isa = PBXBuildFile; fileRef = 5D0217A02B40F48F0077093D /* projectUITests.swift */; };
		5D0217A32B40F48F0077093D /* projectUITestsLaunchTests.swift in Sources */ = {isa = PBXBuildFile; fileRef = 5D0217A22B40F48F0077093D /* projectUITestsLaunchTests.swift */; };
		5D6849A62B5609490061AFA9 /* CounterView.swift in Sources */ = {isa = PBXBuildFile; fileRef = 5D6849A52B5609490061AFA9 /* CounterView.swift */; };
		5D7F7EAB2B43245A006F5B15 /* Customize.swift in Sources */ = {isa = PBXBuildFile; fileRef = 5D7F7EAA2B43245A006F5B15 /* Customize.swift */; };
		5D7F7EAD2B433DF4006F5B15 /* WindowsView.swift in Sources */ = {isa = PBXBuildFile; fileRef = 5D7F7EAC2B433DF4006F5B15 /* WindowsView.swift */; };
		5DBA70772B5752C80059AF55 /* Comfortaa.ttf in Resources */ = {isa = PBXBuildFile; fileRef = 5DBA70762B5752C70059AF55 /* Comfortaa.ttf */; };
		5DE783FA2B4770860048E6E8 /* ExcercisesView.swift in Sources */ = {isa = PBXBuildFile; fileRef = 5DE783F92B4770860048E6E8 /* ExcercisesView.swift */; };
/* End PBXBuildFile section */

/* Begin PBXContainerItemProxy section */
		5D0217932B40F48F0077093D /* PBXContainerItemProxy */ = {
			isa = PBXContainerItemProxy;
			containerPortal = 5D02177A2B40F48D0077093D /* Project object */;
			proxyType = 1;
			remoteGlobalIDString = 5D0217812B40F48D0077093D;
			remoteInfo = project;
		};
		5D02179D2B40F48F0077093D /* PBXContainerItemProxy */ = {
			isa = PBXContainerItemProxy;
			containerPortal = 5D02177A2B40F48D0077093D /* Project object */;
			proxyType = 1;
			remoteGlobalIDString = 5D0217812B40F48D0077093D;
			remoteInfo = project;
		};
/* End PBXContainerItemProxy section */

/* Begin PBXFileReference section */
		5D0217822B40F48D0077093D /* project.app */ = {isa = PBXFileReference; explicitFileType = wrapper.application; includeInIndex = 0; path = project.app; sourceTree = BUILT_PRODUCTS_DIR; };
		5D0217852B40F48D0077093D /* projectApp.swift */ = {isa = PBXFileReference; lastKnownFileType = sourcecode.swift; path = projectApp.swift; sourceTree = "<group>"; };
		5D0217872B40F48D0077093D /* ContentView.swift */ = {isa = PBXFileReference; lastKnownFileType = sourcecode.swift; path = ContentView.swift; sourceTree = "<group>"; };
		5D0217892B40F48E0077093D /* Assets.xcassets */ = {isa = PBXFileReference; lastKnownFileType = folder.assetcatalog; path = Assets.xcassets; sourceTree = "<group>"; };
		5D02178C2B40F48E0077093D /* Preview Assets.xcassets */ = {isa = PBXFileReference; lastKnownFileType = folder.assetcatalog; path = "Preview Assets.xcassets"; sourceTree = "<group>"; };
		5D0217922B40F48F0077093D /* projectTests.xctest */ = {isa = PBXFileReference; explicitFileType = wrapper.cfbundle; includeInIndex = 0; path = projectTests.xctest; sourceTree = BUILT_PRODUCTS_DIR; };
		5D0217962B40F48F0077093D /* projectTests.swift */ = {isa = PBXFileReference; lastKnownFileType = sourcecode.swift; path = projectTests.swift; sourceTree = "<group>"; };
		5D02179C2B40F48F0077093D /* projectUITests.xctest */ = {isa = PBXFileReference; explicitFileType = wrapper.cfbundle; includeInIndex = 0; path = projectUITests.xctest; sourceTree = BUILT_PRODUCTS_DIR; };
		5D0217A02B40F48F0077093D /* projectUITests.swift */ = {isa = PBXFileReference; lastKnownFileType = sourcecode.swift; path = projectUITests.swift; sourceTree = "<group>"; };
		5D0217A22B40F48F0077093D /* projectUITestsLaunchTests.swift */ = {isa = PBXFileReference; lastKnownFileType = sourcecode.swift; path = projectUITestsLaunchTests.swift; sourceTree = "<group>"; };
		5D6849A52B5609490061AFA9 /* CounterView.swift */ = {isa = PBXFileReference; lastKnownFileType = sourcecode.swift; path = CounterView.swift; sourceTree = "<group>"; };
		5D7F7EAA2B43245A006F5B15 /* Customize.swift */ = {isa = PBXFileReference; lastKnownFileType = sourcecode.swift; path = Customize.swift; sourceTree = "<group>"; };
		5D7F7EAC2B433DF4006F5B15 /* WindowsView.swift */ = {isa = PBXFileReference; lastKnownFileType = sourcecode.swift; path = WindowsView.swift; sourceTree = "<group>"; };
		5DBA70742B57520A0059AF55 /* Info.plist */ = {isa = PBXFileReference; lastKnownFileType = text.plist; path = Info.plist; sourceTree = "<group>"; };
		5DBA70762B5752C70059AF55 /* Comfortaa.ttf */ = {isa = PBXFileReference; lastKnownFileType = file; name = Comfortaa.ttf; path = project/Comfortaa/Comfortaa.ttf; sourceTree = SOURCE_ROOT; };
		5DE783F92B4770860048E6E8 /* ExcercisesView.swift */ = {isa = PBXFileReference; lastKnownFileType = sourcecode.swift; path = ExcercisesView.swift; sourceTree = "<group>"; };
/* End PBXFileReference section */

/* Begin PBXFrameworksBuildPhase section */
		5D02177F2B40F48D0077093D /* Frameworks */ = {
			isa = PBXFrameworksBuildPhase;
			buildActionMask = 2147483647;
			files = (
			);
			runOnlyForDeploymentPostprocessing = 0;
		};
		5D02178F2B40F48F0077093D /* Frameworks */ = {
			isa = PBXFrameworksBuildPhase;
			buildActionMask = 2147483647;
			files = (
			);
			runOnlyForDeploymentPostprocessing = 0;
		};
		5D0217992B40F48F0077093D /* Frameworks */ = {
			isa = PBXFrameworksBuildPhase;
			buildActionMask = 2147483647;
			files = (
			);
			runOnlyForDeploymentPostprocessing = 0;
		};
/* End PBXFrameworksBuildPhase section */

/* Begin PBXGroup section */
		5D0217792B40F48D0077093D = {
			isa = PBXGroup;
			children = (
				5D0217842B40F48D0077093D /* project */,
				5D0217952B40F48F0077093D /* projectTests */,
				5D02179F2B40F48F0077093D /* projectUITests */,
				5D0217832B40F48D0077093D /* Products */,
			);
			sourceTree = "<group>";
		};
		5D0217832B40F48D0077093D /* Products */ = {
			isa = PBXGroup;
			children = (
				5D0217822B40F48D0077093D /* project.app */,
				5D0217922B40F48F0077093D /* projectTests.xctest */,
				5D02179C2B40F48F0077093D /* projectUITests.xctest */,
			);
			name = Products;
			sourceTree = "<group>";
		};
		5D0217842B40F48D0077093D /* project */ = {
			isa = PBXGroup;
			children = (
				5DBA70752B5752B70059AF55 /* Fonts */,
				5DBA70742B57520A0059AF55 /* Info.plist */,
				5D0217852B40F48D0077093D /* projectApp.swift */,
				5D0217872B40F48D0077093D /* ContentView.swift */,
				5D0217892B40F48E0077093D /* Assets.xcassets */,
				5D02178B2B40F48E0077093D /* Preview Content */,
				5D7F7EAA2B43245A006F5B15 /* Customize.swift */,
				5D7F7EAC2B433DF4006F5B15 /* WindowsView.swift */,
				5DE783F92B4770860048E6E8 /* ExcercisesView.swift */,
				5D6849A52B5609490061AFA9 /* CounterView.swift */,
			);
			path = project;
			sourceTree = "<group>";
		};
		5D02178B2B40F48E0077093D /* Preview Content */ = {
			isa = PBXGroup;
			children = (
				5D02178C2B40F48E0077093D /* Preview Assets.xcassets */,
			);
			path = "Preview Content";
			sourceTree = "<group>";
		};
		5D0217952B40F48F0077093D /* projectTests */ = {
			isa = PBXGroup;
			children = (
				5D0217962B40F48F0077093D /* projectTests.swift */,
			);
			path = projectTests;
			sourceTree = "<group>";
		};
		5D02179F2B40F48F0077093D /* projectUITests */ = {
			isa = PBXGroup;
			children = (
				5D0217A02B40F48F0077093D /* projectUITests.swift */,
				5D0217A22B40F48F0077093D /* projectUITestsLaunchTests.swift */,
			);
			path = projectUITests;
			sourceTree = "<group>";
		};
		5DBA70752B5752B70059AF55 /* Fonts */ = {
			isa = PBXGroup;
			children = (
				5DBA70762B5752C70059AF55 /* Comfortaa.ttf */,
			);
			path = Fonts;
			sourceTree = "<group>";
		};
/* End PBXGroup section */

/* Begin PBXNativeTarget section */
		5D0217812B40F48D0077093D /* project */ = {
			isa = PBXNativeTarget;
			buildConfigurationList = 5D0217A62B40F48F0077093D /* Build configuration list for PBXNativeTarget "project" */;
			buildPhases = (
				5D02177E2B40F48D0077093D /* Sources */,
				5D02177F2B40F48D0077093D /* Frameworks */,
				5D0217802B40F48D0077093D /* Resources */,
			);
			buildRules = (
			);
			dependencies = (
			);
			name = project;
			productName = project;
			productReference = 5D0217822B40F48D0077093D /* project.app */;
			productType = "com.apple.product-type.application";
		};
		5D0217912B40F48F0077093D /* projectTests */ = {
			isa = PBXNativeTarget;
			buildConfigurationList = 5D0217A92B40F48F0077093D /* Build configuration list for PBXNativeTarget "projectTests" */;
			buildPhases = (
				5D02178E2B40F48F0077093D /* Sources */,
				5D02178F2B40F48F0077093D /* Frameworks */,
				5D0217902B40F48F0077093D /* Resources */,
			);
			buildRules = (
			);
			dependencies = (
				5D0217942B40F48F0077093D /* PBXTargetDependency */,
			);
			name = projectTests;
			productName = projectTests;
			productReference = 5D0217922B40F48F0077093D /* projectTests.xctest */;
			productType = "com.apple.product-type.bundle.unit-test";
		};
		5D02179B2B40F48F0077093D /* projectUITests */ = {
			isa = PBXNativeTarget;
			buildConfigurationList = 5D0217AC2B40F48F0077093D /* Build configuration list for PBXNativeTarget "projectUITests" */;
			buildPhases = (
				5D0217982B40F48F0077093D /* Sources */,
				5D0217992B40F48F0077093D /* Frameworks */,
				5D02179A2B40F48F0077093D /* Resources */,
			);
			buildRules = (
			);
			dependencies = (
				5D02179E2B40F48F0077093D /* PBXTargetDependency */,
			);
			name = projectUITests;
			productName = projectUITests;
			productReference = 5D02179C2B40F48F0077093D /* projectUITests.xctest */;
			productType = "com.apple.product-type.bundle.ui-testing";
		};
/* End PBXNativeTarget section */

/* Begin PBXProject section */
		5D02177A2B40F48D0077093D /* Project object */ = {
			isa = PBXProject;
			attributes = {
				BuildIndependentTargetsInParallel = 1;
				LastSwiftUpdateCheck = 1500;
				LastUpgradeCheck = 1500;
				TargetAttributes = {
					5D0217812B40F48D0077093D = {
						CreatedOnToolsVersion = 15.0.1;
					};
					5D0217912B40F48F0077093D = {
						CreatedOnToolsVersion = 15.0.1;
						TestTargetID = 5D0217812B40F48D0077093D;
					};
					5D02179B2B40F48F0077093D = {
						CreatedOnToolsVersion = 15.0.1;
						TestTargetID = 5D0217812B40F48D0077093D;
					};
				};
			};
			buildConfigurationList = 5D02177D2B40F48D0077093D /* Build configuration list for PBXProject "project" */;
			compatibilityVersion = "Xcode 14.0";
			developmentRegion = en;
			hasScannedForEncodings = 0;
			knownRegions = (
				en,
				Base,
			);
			mainGroup = 5D0217792B40F48D0077093D;
			productRefGroup = 5D0217832B40F48D0077093D /* Products */;
			projectDirPath = "";
			projectRoot = "";
			targets = (
				5D0217812B40F48D0077093D /* project */,
				5D0217912B40F48F0077093D /* projectTests */,
				5D02179B2B40F48F0077093D /* projectUITests */,
			);
		};
/* End PBXProject section */

/* Begin PBXResourcesBuildPhase section */
		5D0217802B40F48D0077093D /* Resources */ = {
			isa = PBXResourcesBuildPhase;
			buildActionMask = 2147483647;
			files = (
				5D02178D2B40F48E0077093D /* Preview Assets.xcassets in Resources */,
				5DBA70772B5752C80059AF55 /* Comfortaa.ttf in Resources */,
				5D02178A2B40F48E0077093D /* Assets.xcassets in Resources */,
			);
			runOnlyForDeploymentPostprocessing = 0;
		};
		5D0217902B40F48F0077093D /* Resources */ = {
			isa = PBXResourcesBuildPhase;
			buildActionMask = 2147483647;
			files = (
			);
			runOnlyForDeploymentPostprocessing = 0;
		};
		5D02179A2B40F48F0077093D /* Resources */ = {
			isa = PBXResourcesBuildPhase;
			buildActionMask = 2147483647;
			files = (
			);
			runOnlyForDeploymentPostprocessing = 0;
		};
/* End PBXResourcesBuildPhase section */

/* Begin PBXSourcesBuildPhase section */
		5D02177E2B40F48D0077093D /* Sources */ = {
			isa = PBXSourcesBuildPhase;
			buildActionMask = 2147483647;
			files = (
				5D7F7EAB2B43245A006F5B15 /* Customize.swift in Sources */,
				5D0217882B40F48D0077093D /* ContentView.swift in Sources */,
				5D0217862B40F48D0077093D /* projectApp.swift in Sources */,
				5D7F7EAD2B433DF4006F5B15 /* WindowsView.swift in Sources */,
				5DE783FA2B4770860048E6E8 /* ExcercisesView.swift in Sources */,
				5D6849A62B5609490061AFA9 /* CounterView.swift in Sources */,
			);
			runOnlyForDeploymentPostprocessing = 0;
		};
		5D02178E2B40F48F0077093D /* Sources */ = {
			isa = PBXSourcesBuildPhase;
			buildActionMask = 2147483647;
			files = (
				5D0217972B40F48F0077093D /* projectTests.swift in Sources */,
			);
			runOnlyForDeploymentPostprocessing = 0;
		};
		5D0217982B40F48F0077093D /* Sources */ = {
			isa = PBXSourcesBuildPhase;
			buildActionMask = 2147483647;
			files = (
				5D0217A32B40F48F0077093D /* projectUITestsLaunchTests.swift in Sources */,
				5D0217A12B40F48F0077093D /* projectUITests.swift in Sources */,
			);
			runOnlyForDeploymentPostprocessing = 0;
		};
/* End PBXSourcesBuildPhase section */

/* Begin PBXTargetDependency section */
		5D0217942B40F48F0077093D /* PBXTargetDependency */ = {
			isa = PBXTargetDependency;
			target = 5D0217812B40F48D0077093D /* project */;
			targetProxy = 5D0217932B40F48F0077093D /* PBXContainerItemProxy */;
		};
		5D02179E2B40F48F0077093D /* PBXTargetDependency */ = {
			isa = PBXTargetDependency;
			target = 5D0217812B40F48D0077093D /* project */;
			targetProxy = 5D02179D2B40F48F0077093D /* PBXContainerItemProxy */;
		};
/* End PBXTargetDependency section */

/* Begin XCBuildConfiguration section */
		5D0217A42B40F48F0077093D /* Debug */ = {
			isa = XCBuildConfiguration;
			buildSettings = {
				ALWAYS_SEARCH_USER_PATHS = NO;
				ASSETCATALOG_COMPILER_GENERATE_SWIFT_ASSET_SYMBOL_EXTENSIONS = YES;
				CLANG_ANALYZER_NONNULL = YES;
				CLANG_ANALYZER_NUMBER_OBJECT_CONVERSION = YES_AGGRESSIVE;
				CLANG_CXX_LANGUAGE_STANDARD = "gnu++20";
				CLANG_ENABLE_MODULES = YES;
				CLANG_ENABLE_OBJC_ARC = YES;
				CLANG_ENABLE_OBJC_WEAK = YES;
				CLANG_WARN_BLOCK_CAPTURE_AUTORELEASING = YES;
				CLANG_WARN_BOOL_CONVERSION = YES;
				CLANG_WARN_COMMA = YES;
				CLANG_WARN_CONSTANT_CONVERSION = YES;
				CLANG_WARN_DEPRECATED_OBJC_IMPLEMENTATIONS = YES;
				CLANG_WARN_DIRECT_OBJC_ISA_USAGE = YES_ERROR;
				CLANG_WARN_DOCUMENTATION_COMMENTS = YES;
				CLANG_WARN_EMPTY_BODY = YES;
				CLANG_WARN_ENUM_CONVERSION = YES;
				CLANG_WARN_INFINITE_RECURSION = YES;
				CLANG_WARN_INT_CONVERSION = YES;
				CLANG_WARN_NON_LITERAL_NULL_CONVERSION = YES;
				CLANG_WARN_OBJC_IMPLICIT_RETAIN_SELF = YES;
				CLANG_WARN_OBJC_LITERAL_CONVERSION = YES;
				CLANG_WARN_OBJC_ROOT_CLASS = YES_ERROR;
				CLANG_WARN_QUOTED_INCLUDE_IN_FRAMEWORK_HEADER = YES;
				CLANG_WARN_RANGE_LOOP_ANALYSIS = YES;
				CLANG_WARN_STRICT_PROTOTYPES = YES;
				CLANG_WARN_SUSPICIOUS_MOVE = YES;
				CLANG_WARN_UNGUARDED_AVAILABILITY = YES_AGGRESSIVE;
				CLANG_WARN_UNREACHABLE_CODE = YES;
				CLANG_WARN__DUPLICATE_METHOD_MATCH = YES;
				COPY_PHASE_STRIP = NO;
				DEBUG_INFORMATION_FORMAT = dwarf;
				ENABLE_STRICT_OBJC_MSGSEND = YES;
				ENABLE_TESTABILITY = YES;
				ENABLE_USER_SCRIPT_SANDBOXING = YES;
				GCC_C_LANGUAGE_STANDARD = gnu17;
				GCC_DYNAMIC_NO_PIC = NO;
				GCC_NO_COMMON_BLOCKS = YES;
				GCC_OPTIMIZATION_LEVEL = 0;
				GCC_PREPROCESSOR_DEFINITIONS = (
					"DEBUG=1",
					"$(inherited)",
				);
				GCC_WARN_64_TO_32_BIT_CONVERSION = YES;
				GCC_WARN_ABOUT_RETURN_TYPE = YES_ERROR;
				GCC_WARN_UNDECLARED_SELECTOR = YES;
				GCC_WARN_UNINITIALIZED_AUTOS = YES_AGGRESSIVE;
				GCC_WARN_UNUSED_FUNCTION = YES;
				GCC_WARN_UNUSED_VARIABLE = YES;
				IPHONEOS_DEPLOYMENT_TARGET = 17.0;
				LOCALIZATION_PREFERS_STRING_CATALOGS = YES;
				MTL_ENABLE_DEBUG_INFO = INCLUDE_SOURCE;
				MTL_FAST_MATH = YES;
				ONLY_ACTIVE_ARCH = YES;
				SDKROOT = iphoneos;
				SWIFT_ACTIVE_COMPILATION_CONDITIONS = "DEBUG $(inherited)";
				SWIFT_OPTIMIZATION_LEVEL = "-Onone";
			};
			name = Debug;
		};
		5D0217A52B40F48F0077093D /* Release */ = {
			isa = XCBuildConfiguration;
			buildSettings = {
				ALWAYS_SEARCH_USER_PATHS = NO;
				ASSETCATALOG_COMPILER_GENERATE_SWIFT_ASSET_SYMBOL_EXTENSIONS = YES;
				CLANG_ANALYZER_NONNULL = YES;
				CLANG_ANALYZER_NUMBER_OBJECT_CONVERSION = YES_AGGRESSIVE;
				CLANG_CXX_LANGUAGE_STANDARD = "gnu++20";
				CLANG_ENABLE_MODULES = YES;
				CLANG_ENABLE_OBJC_ARC = YES;
				CLANG_ENABLE_OBJC_WEAK = YES;
				CLANG_WARN_BLOCK_CAPTURE_AUTORELEASING = YES;
				CLANG_WARN_BOOL_CONVERSION = YES;
				CLANG_WARN_COMMA = YES;
				CLANG_WARN_CONSTANT_CONVERSION = YES;
				CLANG_WARN_DEPRECATED_OBJC_IMPLEMENTATIONS = YES;
				CLANG_WARN_DIRECT_OBJC_ISA_USAGE = YES_ERROR;
				CLANG_WARN_DOCUMENTATION_COMMENTS = YES;
				CLANG_WARN_EMPTY_BODY = YES;
				CLANG_WARN_ENUM_CONVERSION = YES;
				CLANG_WARN_INFINITE_RECURSION = YES;
				CLANG_WARN_INT_CONVERSION = YES;
				CLANG_WARN_NON_LITERAL_NULL_CONVERSION = YES;
				CLANG_WARN_OBJC_IMPLICIT_RETAIN_SELF = YES;
				CLANG_WARN_OBJC_LITERAL_CONVERSION = YES;
				CLANG_WARN_OBJC_ROOT_CLASS = YES_ERROR;
				CLANG_WARN_QUOTED_INCLUDE_IN_FRAMEWORK_HEADER = YES;
				CLANG_WARN_RANGE_LOOP_ANALYSIS = YES;
				CLANG_WARN_STRICT_PROTOTYPES = YES;
				CLANG_WARN_SUSPICIOUS_MOVE = YES;
				CLANG_WARN_UNGUARDED_AVAILABILITY = YES_AGGRESSIVE;
				CLANG_WARN_UNREACHABLE_CODE = YES;
				CLANG_WARN__DUPLICATE_METHOD_MATCH = YES;
				COPY_PHASE_STRIP = NO;
				DEBUG_INFORMATION_FORMAT = "dwarf-with-dsym";
				ENABLE_NS_ASSERTIONS = NO;
				ENABLE_STRICT_OBJC_MSGSEND = YES;
				ENABLE_USER_SCRIPT_SANDBOXING = YES;
				GCC_C_LANGUAGE_STANDARD = gnu17;
				GCC_NO_COMMON_BLOCKS = YES;
				GCC_WARN_64_TO_32_BIT_CONVERSION = YES;
				GCC_WARN_ABOUT_RETURN_TYPE = YES_ERROR;
				GCC_WARN_UNDECLARED_SELECTOR = YES;
				GCC_WARN_UNINITIALIZED_AUTOS = YES_AGGRESSIVE;
				GCC_WARN_UNUSED_FUNCTION = YES;
				GCC_WARN_UNUSED_VARIABLE = YES;
				IPHONEOS_DEPLOYMENT_TARGET = 17.0;
				LOCALIZATION_PREFERS_STRING_CATALOGS = YES;
				MTL_ENABLE_DEBUG_INFO = NO;
				MTL_FAST_MATH = YES;
				SDKROOT = iphoneos;
				SWIFT_COMPILATION_MODE = wholemodule;
				VALIDATE_PRODUCT = YES;
			};
			name = Release;
		};
		5D0217A72B40F48F0077093D /* Debug */ = {
			isa = XCBuildConfiguration;
			buildSettings = {
				ASSETCATALOG_COMPILER_APPICON_NAME = AppIcon;
				ASSETCATALOG_COMPILER_GLOBAL_ACCENT_COLOR_NAME = AccentColor;
				CODE_SIGN_STYLE = Automatic;
				CURRENT_PROJECT_VERSION = 1;
				DEVELOPMENT_ASSET_PATHS = "\"project/Preview Content\"";
				DEVELOPMENT_TEAM = Q2AP78H3Q5;
				ENABLE_PREVIEWS = YES;
				GENERATE_INFOPLIST_FILE = YES;
				INFOPLIST_FILE = project/Info.plist;
				INFOPLIST_KEY_UIApplicationSceneManifest_Generation = YES;
				INFOPLIST_KEY_UIApplicationSupportsIndirectInputEvents = YES;
				INFOPLIST_KEY_UILaunchScreen_Generation = YES;
				INFOPLIST_KEY_UISupportedInterfaceOrientations_iPad = "UIInterfaceOrientationPortrait UIInterfaceOrientationPortraitUpsideDown UIInterfaceOrientationLandscapeLeft UIInterfaceOrientationLandscapeRight";
				INFOPLIST_KEY_UISupportedInterfaceOrientations_iPhone = "UIInterfaceOrientationPortrait UIInterfaceOrientationLandscapeLeft UIInterfaceOrientationLandscapeRight";
				LD_RUNPATH_SEARCH_PATHS = (
					"$(inherited)",
					"@executable_path/Frameworks",
				);
				MARKETING_VERSION = 1.0;
				PRODUCT_BUNDLE_IDENTIFIER = mobOS.project;
				PRODUCT_NAME = "$(TARGET_NAME)";
				SWIFT_EMIT_LOC_STRINGS = YES;
				SWIFT_VERSION = 5.0;
				TARGETED_DEVICE_FAMILY = "1,2";
			};
			name = Debug;
		};
		5D0217A82B40F48F0077093D /* Release */ = {
			isa = XCBuildConfiguration;
			buildSettings = {
				ASSETCATALOG_COMPILER_APPICON_NAME = AppIcon;
				ASSETCATALOG_COMPILER_GLOBAL_ACCENT_COLOR_NAME = AccentColor;
				CODE_SIGN_STYLE = Automatic;
				CURRENT_PROJECT_VERSION = 1;
				DEVELOPMENT_ASSET_PATHS = "\"project/Preview Content\"";
				DEVELOPMENT_TEAM = Q2AP78H3Q5;
				ENABLE_PREVIEWS = YES;
				GENERATE_INFOPLIST_FILE = YES;
				INFOPLIST_FILE = project/Info.plist;
				INFOPLIST_KEY_UIApplicationSceneManifest_Generation = YES;
				INFOPLIST_KEY_UIApplicationSupportsIndirectInputEvents = YES;
				INFOPLIST_KEY_UILaunchScreen_Generation = YES;
				INFOPLIST_KEY_UISupportedInterfaceOrientations_iPad = "UIInterfaceOrientationPortrait UIInterfaceOrientationPortraitUpsideDown UIInterfaceOrientationLandscapeLeft UIInterfaceOrientationLandscapeRight";
				INFOPLIST_KEY_UISupportedInterfaceOrientations_iPhone = "UIInterfaceOrientationPortrait UIInterfaceOrientationLandscapeLeft UIInterfaceOrientationLandscapeRight";
				LD_RUNPATH_SEARCH_PATHS = (
					"$(inherited)",
					"@executable_path/Frameworks",
				);
				MARKETING_VERSION = 1.0;
				PRODUCT_BUNDLE_IDENTIFIER = mobOS.project;
				PRODUCT_NAME = "$(TARGET_NAME)";
				SWIFT_EMIT_LOC_STRINGS = YES;
				SWIFT_VERSION = 5.0;
				TARGETED_DEVICE_FAMILY = "1,2";
			};
			name = Release;
		};
		5D0217AA2B40F48F0077093D /* Debug */ = {
			isa = XCBuildConfiguration;
			buildSettings = {
				ALWAYS_EMBED_SWIFT_STANDARD_LIBRARIES = YES;
				BUNDLE_LOADER = "$(TEST_HOST)";
				CODE_SIGN_STYLE = Automatic;
				CURRENT_PROJECT_VERSION = 1;
				DEVELOPMENT_TEAM = Q2AP78H3Q5;
				GENERATE_INFOPLIST_FILE = YES;
				IPHONEOS_DEPLOYMENT_TARGET = 17.0;
				MARKETING_VERSION = 1.0;
				PRODUCT_BUNDLE_IDENTIFIER = mobOS.projectTests;
				PRODUCT_NAME = "$(TARGET_NAME)";
				SWIFT_EMIT_LOC_STRINGS = NO;
				SWIFT_VERSION = 5.0;
				TARGETED_DEVICE_FAMILY = "1,2";
				TEST_HOST = "$(BUILT_PRODUCTS_DIR)/project.app/$(BUNDLE_EXECUTABLE_FOLDER_PATH)/project";
			};
			name = Debug;
		};
		5D0217AB2B40F48F0077093D /* Release */ = {
			isa = XCBuildConfiguration;
			buildSettings = {
				ALWAYS_EMBED_SWIFT_STANDARD_LIBRARIES = YES;
				BUNDLE_LOADER = "$(TEST_HOST)";
				CODE_SIGN_STYLE = Automatic;
				CURRENT_PROJECT_VERSION = 1;
				DEVELOPMENT_TEAM = Q2AP78H3Q5;
				GENERATE_INFOPLIST_FILE = YES;
				IPHONEOS_DEPLOYMENT_TARGET = 17.0;
				MARKETING_VERSION = 1.0;
				PRODUCT_BUNDLE_IDENTIFIER = mobOS.projectTests;
				PRODUCT_NAME = "$(TARGET_NAME)";
				SWIFT_EMIT_LOC_STRINGS = NO;
				SWIFT_VERSION = 5.0;
				TARGETED_DEVICE_FAMILY = "1,2";
				TEST_HOST = "$(BUILT_PRODUCTS_DIR)/project.app/$(BUNDLE_EXECUTABLE_FOLDER_PATH)/project";
			};
			name = Release;
		};
		5D0217AD2B40F48F0077093D /* Debug */ = {
			isa = XCBuildConfiguration;
			buildSettings = {
				ALWAYS_EMBED_SWIFT_STANDARD_LIBRARIES = YES;
				CODE_SIGN_STYLE = Automatic;
				CURRENT_PROJECT_VERSION = 1;
				DEVELOPMENT_TEAM = Q2AP78H3Q5;
				GENERATE_INFOPLIST_FILE = YES;
				MARKETING_VERSION = 1.0;
				PRODUCT_BUNDLE_IDENTIFIER = mobOS.projectUITests;
				PRODUCT_NAME = "$(TARGET_NAME)";
				SWIFT_EMIT_LOC_STRINGS = NO;
				SWIFT_VERSION = 5.0;
				TARGETED_DEVICE_FAMILY = "1,2";
				TEST_TARGET_NAME = project;
			};
			name = Debug;
		};
		5D0217AE2B40F48F0077093D /* Release */ = {
			isa = XCBuildConfiguration;
			buildSettings = {
				ALWAYS_EMBED_SWIFT_STANDARD_LIBRARIES = YES;
				CODE_SIGN_STYLE = Automatic;
				CURRENT_PROJECT_VERSION = 1;
				DEVELOPMENT_TEAM = Q2AP78H3Q5;
				GENERATE_INFOPLIST_FILE = YES;
				MARKETING_VERSION = 1.0;
				PRODUCT_BUNDLE_IDENTIFIER = mobOS.projectUITests;
				PRODUCT_NAME = "$(TARGET_NAME)";
				SWIFT_EMIT_LOC_STRINGS = NO;
				SWIFT_VERSION = 5.0;
				TARGETED_DEVICE_FAMILY = "1,2";
				TEST_TARGET_NAME = project;
			};
			name = Release;
		};
/* End XCBuildConfiguration section */

/* Begin XCConfigurationList section */
		5D02177D2B40F48D0077093D /* Build configuration list for PBXProject "project" */ = {
			isa = XCConfigurationList;
			buildConfigurations = (
				5D0217A42B40F48F0077093D /* Debug */,
				5D0217A52B40F48F0077093D /* Release */,
			);
			defaultConfigurationIsVisible = 0;
			defaultConfigurationName = Release;
		};
		5D0217A62B40F48F0077093D /* Build configuration list for PBXNativeTarget "project" */ = {
			isa = XCConfigurationList;
			buildConfigurations = (
				5D0217A72B40F48F0077093D /* Debug */,
				5D0217A82B40F48F0077093D /* Release */,
			);
			defaultConfigurationIsVisible = 0;
			defaultConfigurationName = Release;
		};
		5D0217A92B40F48F0077093D /* Build configuration list for PBXNativeTarget "projectTests" */ = {
			isa = XCConfigurationList;
			buildConfigurations = (
				5D0217AA2B40F48F0077093D /* Debug */,
				5D0217AB2B40F48F0077093D /* Release */,
			);
			defaultConfigurationIsVisible = 0;
			defaultConfigurationName = Release;
		};
		5D0217AC2B40F48F0077093D /* Build configuration list for PBXNativeTarget "projectUITests" */ = {
			isa = XCConfigurationList;
			buildConfigurations = (
				5D0217AD2B40F48F0077093D /* Debug */,
				5D0217AE2B40F48F0077093D /* Release */,
			);
			defaultConfigurationIsVisible = 0;
			defaultConfigurationName = Release;
		};
/* End XCConfigurationList section */
	};
	rootObject = 5D02177A2B40F48D0077093D /* Project object */;
}
